
Microsoft Visual Studio Solution File, Format Version 12.00
# Visual Studio 15
VisualStudioVersion = 15.0.27703.2026
MinimumVisualStudioVersion = 10.0.40219.1
Project("{FAE04EC0-301F-11D3-BF4B-00C04F79EFBC}") = "FollowMeWebAPI", "FollowMeWebAPI\FollowMeWebAPI.csproj", "{9B7EA759-D014-431A-B9B7-491603A1EDBA}"
EndProject
Global
	GlobalSection(SolutionConfigurationPlatforms) = preSolution
		Debug|Any CPU = Debug|Any CPU
		Release|Any CPU = Release|Any CPU
	EndGlobalSection
	GlobalSection(ProjectConfigurationPlatforms) = postSolution
		{9B7EA759-D014-431A-B9B7-491603A1EDBA}.Debug|Any CPU.ActiveCfg = Debug|Any CPU
		{9B7EA759-D014-431A-B9B7-491603A1EDBA}.Debug|Any CPU.Build.0 = Debug|Any CPU
		{9B7EA759-D014-431A-B9B7-491603A1EDBA}.Release|Any CPU.ActiveCfg = Release|Any CPU
		{9B7EA759-D014-431A-B9B7-491603A1EDBA}.Release|Any CPU.Build.0 = Release|Any CPU
	EndGlobalSection
	GlobalSection(SolutionProperties) = preSolution
		HideSolutionNode = FALSE
	EndGlobalSection
	GlobalSection(ExtensibilityGlobals) = postSolution
		SolutionGuid = {36D63365-9803-4845-884A-609044333CC8}
	EndGlobalSection
EndGlobal
